
Microsoft Visual Studio Solution File, Format Version 12.00
# Visual Studio Version 16
VisualStudioVersion = 16.0.29230.47
MinimumVisualStudioVersion = 10.0.40219.1
Project("{FAE04EC0-301F-11D3-BF4B-00C04F79EFBC}") = "Something", "Something\Something.csproj", "{B609A454-2BB8-4E6C-A15F-5F4242BBC0EF}"
EndProject
Global
	GlobalSection(SolutionConfigurationPlatforms) = preSolution
		Debug|Any CPU = Debug|Any CPU
		Release|Any CPU = Release|Any CPU
	EndGlobalSection
	GlobalSection(ProjectConfigurationPlatforms) = postSolution
		{B609A454-2BB8-4E6C-A15F-5F4242BBC0EF}.Debug|Any CPU.ActiveCfg = Debug|Any CPU
		{B609A454-2BB8-4E6C-A15F-5F4242BBC0EF}.Debug|Any CPU.Build.0 = Debug|Any CPU
		{B609A454-2BB8-4E6C-A15F-5F4242BBC0EF}.Release|Any CPU.ActiveCfg = Release|Any CPU
		{B609A454-2BB8-4E6C-A15F-5F4242BBC0EF}.Release|Any CPU.Build.0 = Release|Any CPU
	EndGlobalSection
	GlobalSection(SolutionProperties) = preSolution
		HideSolutionNode = FALSE
	EndGlobalSection
	GlobalSection(ExtensibilityGlobals) = postSolution
		SolutionGuid = {173F09C7-85C9-4F21-AF9F-F00832959470}
	EndGlobalSection
EndGlobal
